
Microsoft Visual Studio Solution File, Format Version 11.00
# Visual Studio 2010
Project("{FAE04EC0-301F-11D3-BF4B-00C04F79EFBC}") = "GitDemo1", "GitDemo1\GitDemo1\GitDemo1.csproj", "{DCAC37A8-E443-4D84-95DF-0638EA9C4414}"
EndProject
Project("{96E2B04D-8817-42C6-938A-82C39BA4D311}") = "GitDemo1Content", "GitDemo1\GitDemo1Content\GitDemo1Content.contentproj", "{7C6F8FB0-0D6F-4A7F-A7F0-8AC7F87C0315}"
EndProject
Global
	GlobalSection(SolutionConfigurationPlatforms) = preSolution
		Debug|x86 = Debug|x86
		Release|x86 = Release|x86
	EndGlobalSection
	GlobalSection(ProjectConfigurationPlatforms) = postSolution
		{DCAC37A8-E443-4D84-95DF-0638EA9C4414}.Debug|x86.ActiveCfg = Debug|x86
		{DCAC37A8-E443-4D84-95DF-0638EA9C4414}.Debug|x86.Build.0 = Debug|x86
		{DCAC37A8-E443-4D84-95DF-0638EA9C4414}.Release|x86.ActiveCfg = Release|x86
		{DCAC37A8-E443-4D84-95DF-0638EA9C4414}.Release|x86.Build.0 = Release|x86
		{7C6F8FB0-0D6F-4A7F-A7F0-8AC7F87C0315}.Debug|x86.ActiveCfg = Debug|x86
		{7C6F8FB0-0D6F-4A7F-A7F0-8AC7F87C0315}.Release|x86.ActiveCfg = Release|x86
	EndGlobalSection
	GlobalSection(SolutionProperties) = preSolution
		HideSolutionNode = FALSE
	EndGlobalSection
EndGlobal
